
Microsoft Visual Studio Solution File, Format Version 12.00
# Visual Studio Version 16
VisualStudioVersion = 16.0.31112.23
MinimumVisualStudioVersion = 10.0.40219.1
Project("{FAE04EC0-301F-11D3-BF4B-00C04F79EFBC}") = "StoreServices.Api.Author", "StoreServices.Api.Author\StoreServices.Api.Author.csproj", "{90ACACD1-6D87-4E1B-8F93-C1FBF57E1645}"
EndProject
Global
	GlobalSection(SolutionConfigurationPlatforms) = preSolution
		Debug|Any CPU = Debug|Any CPU
		Release|Any CPU = Release|Any CPU
	EndGlobalSection
	GlobalSection(ProjectConfigurationPlatforms) = postSolution
		{90ACACD1-6D87-4E1B-8F93-C1FBF57E1645}.Debug|Any CPU.ActiveCfg = Debug|Any CPU
		{90ACACD1-6D87-4E1B-8F93-C1FBF57E1645}.Debug|Any CPU.Build.0 = Debug|Any CPU
		{90ACACD1-6D87-4E1B-8F93-C1FBF57E1645}.Release|Any CPU.ActiveCfg = Release|Any CPU
		{90ACACD1-6D87-4E1B-8F93-C1FBF57E1645}.Release|Any CPU.Build.0 = Release|Any CPU
	EndGlobalSection
	GlobalSection(SolutionProperties) = preSolution
		HideSolutionNode = FALSE
	EndGlobalSection
	GlobalSection(ExtensibilityGlobals) = postSolution
		SolutionGuid = {8FBE61AF-338C-4D8B-92D2-F2811CBCB233}
	EndGlobalSection
EndGlobal
